
Microsoft Visual Studio Solution File, Format Version 12.00
# Visual Studio Version 16
VisualStudioVersion = 16.0.32630.194
MinimumVisualStudioVersion = 10.0.40219.1
Project("{FAE04EC0-301F-11D3-BF4B-00C04F79EFBC}") = "Student_Teacher_MVC", "Student_Teacher_MVC\Student_Teacher_MVC.csproj", "{2F01A21E-09DA-42D5-B57A-C4AC55B2FCB2}"
EndProject
Global
	GlobalSection(SolutionConfigurationPlatforms) = preSolution
		Debug|Any CPU = Debug|Any CPU
		Release|Any CPU = Release|Any CPU
	EndGlobalSection
	GlobalSection(ProjectConfigurationPlatforms) = postSolution
		{2F01A21E-09DA-42D5-B57A-C4AC55B2FCB2}.Debug|Any CPU.ActiveCfg = Debug|Any CPU
		{2F01A21E-09DA-42D5-B57A-C4AC55B2FCB2}.Debug|Any CPU.Build.0 = Debug|Any CPU
		{2F01A21E-09DA-42D5-B57A-C4AC55B2FCB2}.Release|Any CPU.ActiveCfg = Release|Any CPU
		{2F01A21E-09DA-42D5-B57A-C4AC55B2FCB2}.Release|Any CPU.Build.0 = Release|Any CPU
	EndGlobalSection
	GlobalSection(SolutionProperties) = preSolution
		HideSolutionNode = FALSE
	EndGlobalSection
	GlobalSection(ExtensibilityGlobals) = postSolution
		SolutionGuid = {036FB111-2B0C-409F-9E92-88760A21847F}
	EndGlobalSection
EndGlobal
